<?xml version="1.0" encoding="utf-8"?>
<Project ToolsVersion="4.0" xmlns="http://schemas.microsoft.com/developer/msbuild/2003">
  <ItemGroup>
    <Filter Include="glue">
      <UniqueIdentifier>{b6d5e334-9ee2-4b45-84b5-3593fc970b44}</UniqueIdentifier>
    </Filter>
    <Filter Include="glad">
      <UniqueIdentifier>{425abc04-233d-47b8-a42a-dd4268deea4f}</UniqueIdentifier>
    </Filter>
    <Filter Include="shaders">
      <UniqueIdentifier>{5ff194be-39fb-4e94-a81c-15634f32ec97}</UniqueIdentifier>
    </Filter>
    <Filter Include="LodePNG">
      <UniqueIdentifier>{229aa8d4-84f3-4a05-a3c1-69d3bb4c5820}</UniqueIdentifier>
    </Filter>
    <Filter Include="shaders\tessellation_test">
      <UniqueIdentifier>{ede94391-3194-446c-9600-d7b50b4381a1}</UniqueIdentifier>
    </Filter>
  </ItemGroup>
  <ItemGroup>
    <ClCompile Include="..\glue\errors.cpp">
      <Filter>glue</Filter>
    </ClCompile>
    <ClCompile Include="..\glue\gl_boilerplate.cpp">
      <Filter>glue</Filter>
    </ClCompile>
    <ClCompile Include="..\glue\init.cpp">
      <Filter>glue</Filter>
    </ClCompile>
    <ClCompile Include="..\sdf_experiment.cpp" />
    <ClCompile Include="..\dependencies\glad\src\glad.c">
      <Filter>glad</Filter>
    </ClCompile>
    <ClCompile Include="..\dependencies\lodepng\src\lodepng.cpp">
      <Filter>LodePNG</Filter>
    </ClCompile>
    <ClCompile Include="..\glue\logging.cpp">
      <Filter>glue</Filter>
    </ClCompile>
    <ClCompile Include="..\tessellatron.cpp" />
  </ItemGroup>
  <ItemGroup>
    <ClInclude Include="..\glue\errors.h">
      <Filter>glue</Filter>
    </ClInclude>
    <ClInclude Include="..\glue\gl_boilerplate.h">
      <Filter>glue</Filter>
    </ClInclude>
    <ClInclude Include="..\sdf_experiment.h" />
    <ClInclude Include="..\glue\logging.h">
      <Filter>glue</Filter>
    </ClInclude>
    <ClInclude Include="..\tessellatron.h" />
  </ItemGroup>
  <ItemGroup>
    <None Include="..\shaders\screen.glsl">
      <Filter>shaders</Filter>
    </None>
    <None Include="..\shaders\defs.glsl">
      <Filter>shaders</Filter>
    </None>
    <None Include="..\shaders\shapes.glsl">
      <Filter>shaders</Filter>
    </None>
    <None Include="..\shaders\raymarch.glsl">
      <Filter>shaders</Filter>
    </None>
    <None Include="..\shaders\math.glsl">
      <Filter>shaders</Filter>
    </None>
    <None Include="..\shaders\view.glsl">
      <Filter>shaders</Filter>
    </None>
    <None Include="..\shaders\paint.glsl">
      <Filter>shaders</Filter>
    </None>
    <None Include="..\shaders\scene.glsl">
      <Filter>shaders</Filter>
    </None>
    <None Include="..\shaders\depth.fs.glsl">
      <Filter>shaders</Filter>
    </None>
    <None Include="..\shaders\depth.vs.glsl">
      <Filter>shaders</Filter>
    </None>
    <None Include="..\shaders\color.fs.glsl">
      <Filter>shaders</Filter>
    </None>
    <None Include="..\shaders\color.vs.glsl">
      <Filter>shaders</Filter>
    </None>
    <None Include="..\shaders\objects.glsl">
      <Filter>shaders</Filter>
    </None>
    <None Include="..\shaders\text.fs.glsl">
      <Filter>shaders</Filter>
    </None>
    <None Include="..\shaders\text.vs.glsl">
      <Filter>shaders</Filter>
    </None>
    <None Include="..\shaders\cube.fs.glsl">
      <Filter>shaders</Filter>
    </None>
    <None Include="..\shaders\cube.vs.glsl">
      <Filter>shaders</Filter>
    </None>
    <None Include="..\shaders\gloom.fs.glsl">
      <Filter>shaders</Filter>
    </None>
    <None Include="..\shaders\gloom.vs.glsl">
      <Filter>shaders</Filter>
    </None>
    <None Include="..\shaders\light.fs.glsl">
      <Filter>shaders</Filter>
    </None>
    <None Include="..\shaders\light.vs.glsl">
      <Filter>shaders</Filter>
    </None>
    <None Include="..\shaders\mesh_shader_test.fs.glsl">
      <Filter>shaders</Filter>
    </None>
    <None Include="..\shaders\mesh_shader_test.ms.glsl">
      <Filter>shaders</Filter>
    </None>
    <None Include="..\shaders\range.cs.glsl">
      <Filter>shaders</Filter>
    </None>
    <None Include="..\shaders\tessellation_test\test.fs.glsl">
      <Filter>shaders\tessellation_test</Filter>
    </None>
    <None Include="..\shaders\tessellation_test\test.tcs.glsl">
      <Filter>shaders\tessellation_test</Filter>
    </None>
    <None Include="..\shaders\tessellation_test\test.tes.glsl">
      <Filter>shaders\tessellation_test</Filter>
    </None>
    <None Include="..\shaders\tessellation_test\test.vs.glsl">
      <Filter>shaders\tessellation_test</Filter>
    </None>
    <None Include="..\shaders\tessellation_test\icosphere.glsl">
      <Filter>shaders\tessellation_test</Filter>
    </None>
    <None Include="..\shaders\tessellation_test\sdf.glsl">
      <Filter>shaders\tessellation_test</Filter>
    </None>
  </ItemGroup>
</Project>